github.com/wsnacj/agentx-go/browser v0.2.2 h1:ZYy+gCCbqmOE8VO5ji9FWiO8WxZwpRZyvTAqSkffAeY=
github.com/wsnacj/agentx-go/browser v0.2.2/go.mod h1:Ty6D9M3v7llI56lXfpe2fAk2QxQQ2TsPlBCXMtJJuuw=
github.com/wsnacj/agentx-go/components v0.2.2 h1:6Q23dnHHLa9NunWyezQ+pRvWcg9Pm2Vj9zfB9qZJ2Jw=
github.com/wsnacj/agentx-go/components v0.2.2/go.mod h1:l+GytucLCrA4F+ZZZjlKm9kd7HeG84gsi3ldvLAV86I=
github.com/wsnacj/agentx-go/document v0.2.2 h1:cz2Pji9nVjXWEnqk1CMBtEhshcjtbWq3DcS8S03D2B4=
github.com/wsnacj/agentx-go/document v0.2.2/go.mod h1:J4GsvFpXPlU6oZLwCSoxhjSfw5gbzu8PakZcZGlaPIo=
github.com/wsnacj/agentx-go/extensions v0.2.2 h1:UwuivNuvPdoDR1XS+Mu28+XhwdgP2rNEsjQDHuk3CjA=
github.com/wsnacj/agentx-go/extensions v0.2.2/go.mod h1:DtTkEGeur03O6AZAMjV+ar6nOSB4szL1/2Nhr1qp594=
github.com/wsnacj/agentx-go/runtime v0.2.2 h1:oqrbOsxs30kLuL8t0RxHWFyY/C4qkRhFnL02lXKpu18=
github.com/wsnacj/agentx-go/runtime v0.2.2/go.mod h1:C/DZkipclxg5fT1ecI+e9w/OwN4pse+HWTOzQ1rjbEQ=
github.com/wsnacj/agentx-go/tools v0.2.2 h1:yxCq1Ks/RGyue6VY6ZPx2fHKipXYgyr1icNMBW0jWQ0=
github.com/wsnacj/agentx-go/tools v0.2.2/go.mod h1:jnq+iIuPRneqG56nA1U9khjze1Odtjr5ig0DHPuERh4=
golang.org/x/net v0.56.0 h1:Rw8j/hFzGvJUZwNBXnAtf5sVDVt+65SK2C7IxCxZt5o=
golang.org/x/net v0.56.0/go.mod h1:D3Ku6r+V6JROoZK144D2XfMHFcMq/0zSfLelVTCFKec=
