github.com/wsnacj/agentx-go/browser v0.1.1-0.20260805062037-378edb9eb58a h1:zE90LW0qv15jiQ2JEFFFZZh8AjRMLVkcS70K9nnjghw=
github.com/wsnacj/agentx-go/browser v0.1.1-0.20260805062037-378edb9eb58a/go.mod h1:FoFdUCxiZyHU+fakWjtEaajjYdEbBmExHkRdRriBpwU=
github.com/wsnacj/agentx-go/components v0.1.1-0.20260805062037-378edb9eb58a h1:QVAD32uvUMU1csO8yONpgU4DH1bMkgSrxC8NGsahBJw=
github.com/wsnacj/agentx-go/components v0.1.1-0.20260805062037-378edb9eb58a/go.mod h1:vzDNyIfw/9k4wzNf4IKLEbk9F4qhjg7fkK57Id3Y0oc=
github.com/wsnacj/agentx-go/document v0.1.1-0.20260805062037-378edb9eb58a h1:2ck/Or2ddIor4BnU6Ytgz895Hzowxt+F5PWy9gDsd3k=
github.com/wsnacj/agentx-go/document v0.1.1-0.20260805062037-378edb9eb58a/go.mod h1:kGu1xmoPtFBJAwdeiK6bzP4wBsqXM6piSTCK9CGNj2U=
github.com/wsnacj/agentx-go/extensions v0.1.1-0.20260805062037-378edb9eb58a h1:qPa0Cs/VEKHgXoJHVQ9SDUZODFnd0KKlu76G7hvoGIM=
github.com/wsnacj/agentx-go/extensions v0.1.1-0.20260805062037-378edb9eb58a/go.mod h1:Sbq2sSVc1jBH7g81hivA16FuoiPmPqMxw988vM//5JU=
github.com/wsnacj/agentx-go/runtime v0.1.1-0.20260805062037-378edb9eb58a h1:/XGPTG+JubuZ0bCj9mb6rBXcxoqK3zV3VfMtm3hBc/k=
github.com/wsnacj/agentx-go/runtime v0.1.1-0.20260805062037-378edb9eb58a/go.mod h1:jX1pEY1yQPXCDP6GohEHNz59tMS/N/oLie7se/8MLIk=
github.com/wsnacj/agentx-go/tools v0.1.1-0.20260805062037-378edb9eb58a h1:38IaF6Ne/8GErhT7JtpJmeuBN8dPSSIip24UPZ6Hwng=
github.com/wsnacj/agentx-go/tools v0.1.1-0.20260805062037-378edb9eb58a/go.mod h1:IQTtCnFZ/h+0ok2rpIIoHxgcH84gI8xe/P/PX+zHBiY=
golang.org/x/net v0.56.0 h1:Rw8j/hFzGvJUZwNBXnAtf5sVDVt+65SK2C7IxCxZt5o=
golang.org/x/net v0.56.0/go.mod h1:D3Ku6r+V6JROoZK144D2XfMHFcMq/0zSfLelVTCFKec=
