github.com/wsnacj/agentx-go/components v0.1.0 h1:32mLmfADZSNMd/vPyHt7h2Vh33y3gFaF+mIIRAKO+PU=
github.com/wsnacj/agentx-go/components v0.1.0/go.mod h1:dZpFtQUci6okqwTXJCq3XTSXmP96x21NsFrStSstLGk=
github.com/wsnacj/agentx-go/runtime v0.1.0 h1:tzpa/cbotEfW1J2VVTQFv/G5OKW2iYXxkUETiTI8paI=
github.com/wsnacj/agentx-go/runtime v0.1.0/go.mod h1:jBTpusRBU66KEUK4txN4KBm+z1bQxt7Z/hVZtA0uvp0=
github.com/wsnacj/agentx-go/tools v0.1.0 h1:vHlIrTCl2Eq88sA3evD2hkqAHGb/M80rJV5YnD/Su78=
github.com/wsnacj/agentx-go/tools v0.1.0/go.mod h1:zcsIW7AD8fz9cRJKLchh5M5zXRB39TmCJHWz8cHihRA=
