github.com/wsnacj/agentx-go v0.2.2 h1:1UEQpD7iExJIttbzFnoKLwm5/+yl+tfcJkNrBSBAawY=
github.com/wsnacj/agentx-go v0.2.2/go.mod h1:9Uxr56ZcfTX4yX0OHPNYHpyIpO6VRKgcU1FLO7dToCs=
github.com/wsnacj/agentx-go/runtime v0.2.2 h1:o3i86hE0G4Eue4iK4rS9SZ1yh7GsMGWeJmk2spv+mr0=
github.com/wsnacj/agentx-go/runtime v0.2.2/go.mod h1:C/DZkipclxg5fT1ecI+e9w/OwN4pse+HWTOzQ1rjbEQ=
