github.com/wsnacj/agentx-go v0.0.0-20260729101644-c7c26d427ac2 h1:r8hJDAuzZvDToSRFShf+SmYpz5CoQjDoww2xn2f+udc=
github.com/wsnacj/agentx-go v0.0.0-20260729101644-c7c26d427ac2/go.mod h1:1lO78EX3Jj63/41OlIQdsi8baHcm9JbvwUvozZeOvWU=
github.com/wsnacj/agentx-go/runtime v0.0.0-20260731075750-bb1d49393bda h1:EIczs4WNqS7PmnBMgDBdtWFdofBtxzOOcbKyTJRcdBQ=
github.com/wsnacj/agentx-go/runtime v0.0.0-20260731075750-bb1d49393bda/go.mod h1:BndQhP2RJZTgDYrihjwGPKuoyAUn5/I0jsrj3mpX+q4=
