github.com/wsnacj/agentx-go v0.1.0 h1:rtT5FivQvaRmWpplng4Vt8uJAdJgMBj83y/7rBFBFG8=
github.com/wsnacj/agentx-go v0.1.0/go.mod h1:1lO78EX3Jj63/41OlIQdsi8baHcm9JbvwUvozZeOvWU=
github.com/wsnacj/agentx-go/runtime v0.1.0 h1:oI6FecTLM6L34lwVHML1USHJ8pe4zxN9cgqtKwz3kB4=
github.com/wsnacj/agentx-go/runtime v0.1.0/go.mod h1:jBTpusRBU66KEUK4txN4KBm+z1bQxt7Z/hVZtA0uvp0=
