github.com/wsnacj/agentx-go/runtime v0.0.0-20260802091415-920282587efc h1:H331VSq3GYy5r0ozySHPvm+zCDGhadNSgA/YXoEEnFQ=
github.com/wsnacj/agentx-go/runtime v0.0.0-20260802091415-920282587efc/go.mod h1:OgsFIwN+Yf+xl8YhkaIeiB26dKDtjX6szM21xaAE4gs=
github.com/wsnacj/agentx-go/runtime v0.0.0-20260802103826-c7d80001682e h1:6xJIr/QDPKpWNRTskzOlEqHHhQaZlNlQmyJxhSLnmzc=
github.com/wsnacj/agentx-go/runtime v0.0.0-20260802103826-c7d80001682e/go.mod h1:OgsFIwN+Yf+xl8YhkaIeiB26dKDtjX6szM21xaAE4gs=
