github.com/wsnacj/agentx-go v0.1.0 h1:rtT5FivQvaRmWpplng4Vt8uJAdJgMBj83y/7rBFBFG8=
github.com/wsnacj/agentx-go v0.1.0/go.mod h1:1lO78EX3Jj63/41OlIQdsi8baHcm9JbvwUvozZeOvWU=
github.com/wsnacj/agentx-go/components v0.1.0 h1:32mLmfADZSNMd/vPyHt7h2Vh33y3gFaF+mIIRAKO+PU=
github.com/wsnacj/agentx-go/components v0.1.0/go.mod h1:dZpFtQUci6okqwTXJCq3XTSXmP96x21NsFrStSstLGk=
