github.com/wsnacj/agentx-go v0.1.1-0.20260805041127-50ab470a30c5 h1:0T10xg4dlf4c0BsA6rHk3kOFNQvntVt41QMh4xYj9ao=
github.com/wsnacj/agentx-go v0.1.1-0.20260805041127-50ab470a30c5/go.mod h1:vsbzjypYD4sYIhmYwaO2S6fHIVfSs6XsXZlEt8Dv5EI=
github.com/wsnacj/agentx-go/components v0.1.1-0.20260805041127-50ab470a30c5 h1:Oz8/wM/Lho8qcF/fBtIBRbKpna1H9W9VbW5ao/HG4UQ=
github.com/wsnacj/agentx-go/components v0.1.1-0.20260805041127-50ab470a30c5/go.mod h1:vzDNyIfw/9k4wzNf4IKLEbk9F4qhjg7fkK57Id3Y0oc=
