github.com/wsnacj/agentx-go/components v0.0.0-20260802113655-f41de95ec5be h1:0T/3ii6J1tG7wln74IKdjmE6h/VreacqUEd7Dr7IOLw=
github.com/wsnacj/agentx-go/components v0.0.0-20260802113655-f41de95ec5be/go.mod h1:dZpFtQUci6okqwTXJCq3XTSXmP96x21NsFrStSstLGk=
github.com/wsnacj/agentx-go/providers v0.0.0-20260802124746-c7f90139a1cc h1:IGQG0FLGE0hFPCVeCbtzMswGTo0t4J5nQWdhiHqsKiE=
github.com/wsnacj/agentx-go/providers v0.0.0-20260802124746-c7f90139a1cc/go.mod h1:4l191m6U5gF9lOITitHmZm52Qeif7DdNKW/+mcuc0iI=
