github.com/wsnacj/agentx-go v0.0.0-20260729101644-c7c26d427ac2 h1:r8hJDAuzZvDToSRFShf+SmYpz5CoQjDoww2xn2f+udc=
github.com/wsnacj/agentx-go v0.0.0-20260729101644-c7c26d427ac2/go.mod h1:1lO78EX3Jj63/41OlIQdsi8baHcm9JbvwUvozZeOvWU=
github.com/wsnacj/agentx-go/runtime v0.0.0-20260801195859-a83a74b77995 h1:9oE1ImSOzsKWUREKwrj9dgcshwKpXD7AcMOh7Msq3ek=
github.com/wsnacj/agentx-go/runtime v0.0.0-20260801195859-a83a74b77995/go.mod h1:OgsFIwN+Yf+xl8YhkaIeiB26dKDtjX6szM21xaAE4gs=
