github.com/wsnacj/agentx-go v0.2.2 h1:m5TYRxzySLpFs6BQTKWmBkJlkBBdzbs7rcyfZ2XVrbs=
github.com/wsnacj/agentx-go v0.2.2/go.mod h1:9Uxr56ZcfTX4yX0OHPNYHpyIpO6VRKgcU1FLO7dToCs=
github.com/wsnacj/agentx-go/runtime v0.2.2 h1:3xJHcJjnk5EJuXVE4ANgmw6fNbCcrs8Hd+Q9pe7dQYQ=
github.com/wsnacj/agentx-go/runtime v0.2.2/go.mod h1:C/DZkipclxg5fT1ecI+e9w/OwN4pse+HWTOzQ1rjbEQ=
