github.com/wsnacj/agentx-go/extensions v0.2.2 h1:RF015+f38ymmqekzpDw4xyCoHbXGMqbwDc9O2O43tIg=
github.com/wsnacj/agentx-go/extensions v0.2.2/go.mod h1:DtTkEGeur03O6AZAMjV+ar6nOSB4szL1/2Nhr1qp594=
github.com/wsnacj/agentx-go/runtime v0.2.2 h1:o3i86hE0G4Eue4iK4rS9SZ1yh7GsMGWeJmk2spv+mr0=
github.com/wsnacj/agentx-go/runtime v0.2.2/go.mod h1:C/DZkipclxg5fT1ecI+e9w/OwN4pse+HWTOzQ1rjbEQ=
github.com/wsnacj/agentx-go/scenes v0.2.2 h1:dLoX8I9b3ZKotD6MKrElXciE/cR81Y2dQnf5AQ6UwuI=
github.com/wsnacj/agentx-go/scenes v0.2.2/go.mod h1:mFcx0TdmaSCnKOvNvbqwKF0iHSyDH4Usoj0WBQGvo78=
