github.com/wsnacj/agentx-go/browser v0.2.2 h1:fDW5/WNgwz4D74kSr2uoVqd2dPqR8F+LshvwnnQEVns=
github.com/wsnacj/agentx-go/browser v0.2.2/go.mod h1:Ty6D9M3v7llI56lXfpe2fAk2QxQQ2TsPlBCXMtJJuuw=
github.com/wsnacj/agentx-go/components v0.2.2 h1:+s5zyIdRHk5+S+VsXBGpsexPcGrmJF/tLYxyCgyECXA=
github.com/wsnacj/agentx-go/components v0.2.2/go.mod h1:l+GytucLCrA4F+ZZZjlKm9kd7HeG84gsi3ldvLAV86I=
github.com/wsnacj/agentx-go/extensions v0.2.2 h1:WlM9VPYVqkbHhLlNDQhy9UdLxsJ/7yCepww8YOW0DN8=
github.com/wsnacj/agentx-go/extensions v0.2.2/go.mod h1:DtTkEGeur03O6AZAMjV+ar6nOSB4szL1/2Nhr1qp594=
github.com/wsnacj/agentx-go/runtime v0.2.2 h1:LrvlwMpUIF3z+Hjx7Qbdd3yzQPiQnmbN3wgbYBj6om0=
github.com/wsnacj/agentx-go/runtime v0.2.2/go.mod h1:C/DZkipclxg5fT1ecI+e9w/OwN4pse+HWTOzQ1rjbEQ=
github.com/wsnacj/agentx-go/scenes v0.2.2 h1:y88v+iZ89D1Y6k+cXHUPYLBGN6cEVrylJ4DwrArGGOs=
github.com/wsnacj/agentx-go/scenes v0.2.2/go.mod h1:mFcx0TdmaSCnKOvNvbqwKF0iHSyDH4Usoj0WBQGvo78=
github.com/wsnacj/agentx-go/tools v0.2.2 h1:k2t8SdWnaWA7/kJnJY4/Wvk97UfNkYHHHQulaitIh0k=
github.com/wsnacj/agentx-go/tools v0.2.2/go.mod h1:jnq+iIuPRneqG56nA1U9khjze1Odtjr5ig0DHPuERh4=
