github.com/wsnacj/agentx-go/browser v0.1.0 h1:sLyfvKfrZKrmrWFdJICViP/+9+5exJu4fsLg8VmwLwA=
github.com/wsnacj/agentx-go/browser v0.1.0/go.mod h1:FoFdUCxiZyHU+fakWjtEaajjYdEbBmExHkRdRriBpwU=
github.com/wsnacj/agentx-go/components v0.1.0 h1:ZwQfDAKpWVElBq7iTb/wAhfUWNAG/pCnVb1HBtCDfrI=
github.com/wsnacj/agentx-go/components v0.1.0/go.mod h1:vzDNyIfw/9k4wzNf4IKLEbk9F4qhjg7fkK57Id3Y0oc=
github.com/wsnacj/agentx-go/extensions v0.1.0 h1:N42Ik3KwaBD672cD4sIG/tOqSXJM8AwRB7ZvNkqeuso=
github.com/wsnacj/agentx-go/extensions v0.1.0/go.mod h1:w/8GelfzQA8WZ22n/59ivMR06pHN0ItGhBPTRUziVnE=
github.com/wsnacj/agentx-go/runtime v0.1.0 h1:WqQ1XMuLlVGEyoMQCGCFSbj4PlGUOo/VWTaYU+iJXkM=
github.com/wsnacj/agentx-go/runtime v0.1.0/go.mod h1:dcFVZmgcr+HQbGRB2A9/jqrTNtkppv7U20nwsvxBtrE=
github.com/wsnacj/agentx-go/scenes v0.1.0 h1:FSKjrICrafh5+/zduHganG2l+E/q3eG2+l+EsA8VAU4=
github.com/wsnacj/agentx-go/scenes v0.1.0/go.mod h1:ldYyg7q7KKC40ItjW5jA/4xZWpZY9yiJ60nZGh4bVw8=
github.com/wsnacj/agentx-go/tools v0.1.0 h1:T2emSI7qbDxuaEzgdhaPl0pCfIJ9JdyOv/Le3um27cg=
github.com/wsnacj/agentx-go/tools v0.1.0/go.mod h1:IQTtCnFZ/h+0ok2rpIIoHxgcH84gI8xe/P/PX+zHBiY=
