github.com/wsnacj/agentx-go/components v0.2.2 h1:6Q23dnHHLa9NunWyezQ+pRvWcg9Pm2Vj9zfB9qZJ2Jw=
github.com/wsnacj/agentx-go/components v0.2.2/go.mod h1:l+GytucLCrA4F+ZZZjlKm9kd7HeG84gsi3ldvLAV86I=
github.com/wsnacj/agentx-go/runtime v0.2.2 h1:oqrbOsxs30kLuL8t0RxHWFyY/C4qkRhFnL02lXKpu18=
github.com/wsnacj/agentx-go/runtime v0.2.2/go.mod h1:C/DZkipclxg5fT1ecI+e9w/OwN4pse+HWTOzQ1rjbEQ=
github.com/wsnacj/agentx-go/tools v0.2.2 h1:yxCq1Ks/RGyue6VY6ZPx2fHKipXYgyr1icNMBW0jWQ0=
github.com/wsnacj/agentx-go/tools v0.2.2/go.mod h1:jnq+iIuPRneqG56nA1U9khjze1Odtjr5ig0DHPuERh4=
