github.com/davecgh/go-spew v1.1.0/go.mod h1:J7Y8YcW2NihsgmVo/mv3lAwl/skON4iLHjSsI+c5H38=
github.com/davecgh/go-spew v1.1.1 h1:vj9j/u1bqnvCEfJOwUhtlOARqs3+rkHYY13jYWTU97c=
github.com/davecgh/go-spew v1.1.1/go.mod h1:J7Y8YcW2NihsgmVo/mv3lAwl/skON4iLHjSsI+c5H38=
github.com/kr/pretty v0.1.0 h1:L/CwN0zerZDmRFUapSPitk6f+Q3+0za1rQkzVuMiMFI=
github.com/kr/pretty v0.1.0/go.mod h1:dAy3ld7l9f0ibDNOQOHHMYYIIbhfbHSm3C4ZsoJORNo=
github.com/kr/pty v1.1.1/go.mod h1:pFQYn66WHrOpPYNljwOMqo10TkYh1fy3cYio2l3bCsQ=
github.com/kr/text v0.1.0 h1:45sCR5RtlFHMR4UwH9sdQ5TC8v0qDQCHnXt+kaKSTVE=
github.com/kr/text v0.1.0/go.mod h1:4Jbv+DJW3UT/LiOwJeYQe1efqtUx/iVham/4vfdArNI=
github.com/pmezard/go-difflib v1.0.0 h1:4DBwDE0NGyQoBHbLQYPwSUPoCMWR5BEzIk/f1lZbAQM=
github.com/pmezard/go-difflib v1.0.0/go.mod h1:iKH77koFhYxTK1pcRnkKkqfTogsbg7gZNVY4sRDYZ/4=
github.com/sergi/go-diff v1.4.0 h1:n/SP9D5ad1fORl+llWyN+D6qoUETXNZARKjyY2/KVCw=
github.com/sergi/go-diff v1.4.0/go.mod h1:A0bzQcvG0E7Rwjx0REVgAGH58e96+X0MeOfepqsbeW4=
github.com/stretchr/objx v0.1.0/go.mod h1:HFkY916IF+rwdDfMAkV7OtwuqBVzrE8GR6GFx+wExME=
github.com/stretchr/testify v1.4.0/go.mod h1:j7eGeouHqKxXV5pUuKE4zz7dFj8WfuZ+81PSLYec5m4=
github.com/stretchr/testify v1.10.0 h1:Xv5erBjTwe/5IxqUQTdXv5kgmIvbHo3QQyRwhJsOfJA=
github.com/stretchr/testify v1.10.0/go.mod h1:r2ic/lqez/lEtzL7wO/rwa5dbSLXVDPFyf8C91i36aY=
github.com/wsnacj/agentx-go v0.0.0-20260804113504-8477327bbe4e h1:QYpqI5azm/TUXGoaJ6bl3Y33yPUmgn2Yc6/fy84BD+Y=
github.com/wsnacj/agentx-go v0.0.0-20260804113504-8477327bbe4e/go.mod h1:1lO78EX3Jj63/41OlIQdsi8baHcm9JbvwUvozZeOvWU=
github.com/wsnacj/agentx-go v0.0.0-20260804140828-54e119ec498d h1:braeZvAgE77aMdUT+SH2MH5gKgfWOQKCAAbAjx6QEd4=
github.com/wsnacj/agentx-go v0.0.0-20260804140828-54e119ec498d/go.mod h1:1lO78EX3Jj63/41OlIQdsi8baHcm9JbvwUvozZeOvWU=
github.com/wsnacj/agentx-go/browser v0.0.0-20260804113504-8477327bbe4e h1:ASBqxlR7/jSugxW+51glLrPLBhQVbEVsQleVvwNQK2A=
github.com/wsnacj/agentx-go/browser v0.0.0-20260804113504-8477327bbe4e/go.mod h1:KCP/fWlzT1o25QZeBFIoSxW0yGHVQp/vtRAaKZ9Ysp4=
github.com/wsnacj/agentx-go/browser v0.0.0-20260804140828-54e119ec498d h1:nlLKEJ4BLA93ml+XU/LH7+EOXVT4Q1/CTsqVz4/kHyw=
github.com/wsnacj/agentx-go/browser v0.0.0-20260804140828-54e119ec498d/go.mod h1:KCP/fWlzT1o25QZeBFIoSxW0yGHVQp/vtRAaKZ9Ysp4=
github.com/wsnacj/agentx-go/components v0.0.0-20260804113504-8477327bbe4e h1:gsvjGp8UvdD68z1mQhZHWfAGKBGENXB8If1hW/ib+Xo=
github.com/wsnacj/agentx-go/components v0.0.0-20260804113504-8477327bbe4e/go.mod h1:dZpFtQUci6okqwTXJCq3XTSXmP96x21NsFrStSstLGk=
github.com/wsnacj/agentx-go/components v0.0.0-20260804140828-54e119ec498d h1:wZtw1RtAJlCIRFaixA49yTZXpHNq73zvqNjgVRXqx+w=
github.com/wsnacj/agentx-go/components v0.0.0-20260804140828-54e119ec498d/go.mod h1:dZpFtQUci6okqwTXJCq3XTSXmP96x21NsFrStSstLGk=
github.com/wsnacj/agentx-go/document v0.0.0-20260804113504-8477327bbe4e h1:7CcVkZGemplFQ5t/f0bvrjTAoO4KWcb4HfdFuhxJuOI=
github.com/wsnacj/agentx-go/document v0.0.0-20260804113504-8477327bbe4e/go.mod h1:d6zTURk5p+eWyVzZ/SIuduMZFlsYxxC0POVq3NfT6Vg=
github.com/wsnacj/agentx-go/document v0.0.0-20260804140828-54e119ec498d h1:AQbjNRsnRgBG6mwSvkV6zpfGF+fObrfCLM2+Aao0ilw=
github.com/wsnacj/agentx-go/document v0.0.0-20260804140828-54e119ec498d/go.mod h1:d6zTURk5p+eWyVzZ/SIuduMZFlsYxxC0POVq3NfT6Vg=
github.com/wsnacj/agentx-go/extensions v0.0.0-20260804113504-8477327bbe4e h1:/m1iwRseALNK7SRLNolAF4hYgWZB8hX3iPYDMrhtX5Y=
github.com/wsnacj/agentx-go/extensions v0.0.0-20260804113504-8477327bbe4e/go.mod h1:OqCoGJBt743S3MTMyuRdapGqMky65CxAst5CCFd8LWU=
github.com/wsnacj/agentx-go/extensions v0.0.0-20260804140828-54e119ec498d h1:s+mSLGrQK1EEZdVmkdLtg7b03Jp2sTMpasZ3OXAHj6Q=
github.com/wsnacj/agentx-go/extensions v0.0.0-20260804140828-54e119ec498d/go.mod h1:OqCoGJBt743S3MTMyuRdapGqMky65CxAst5CCFd8LWU=
github.com/wsnacj/agentx-go/runtime v0.0.0-20260804113504-8477327bbe4e h1:VoZM5kUR4hEy/n7v4W8BVU4F4B89UaudueWxMOQOzdQ=
github.com/wsnacj/agentx-go/runtime v0.0.0-20260804113504-8477327bbe4e/go.mod h1:OgsFIwN+Yf+xl8YhkaIeiB26dKDtjX6szM21xaAE4gs=
github.com/wsnacj/agentx-go/runtime v0.0.0-20260804140828-54e119ec498d h1:hMfaUCxfgUNNRVLw42DeikoZxf3qYRiun9GSGyALaEQ=
github.com/wsnacj/agentx-go/runtime v0.0.0-20260804140828-54e119ec498d/go.mod h1:OgsFIwN+Yf+xl8YhkaIeiB26dKDtjX6szM21xaAE4gs=
github.com/wsnacj/agentx-go/scenes v0.0.0-20260804113504-8477327bbe4e h1:yKyXzAVRCcwH55DZjnfiWuXoAgdrb4wuerWInKEPYzM=
github.com/wsnacj/agentx-go/scenes v0.0.0-20260804113504-8477327bbe4e/go.mod h1:me3Ze3SYrmdvptAict5Ba8q9Vcz7mQxZxaecL6Nuktg=
github.com/wsnacj/agentx-go/scenes v0.0.0-20260804140828-54e119ec498d h1:XJAsIAnRdnmv+ZEc/GaU1gqJZpGtmqyALOTv0/lM2kA=
github.com/wsnacj/agentx-go/scenes v0.0.0-20260804140828-54e119ec498d/go.mod h1:me3Ze3SYrmdvptAict5Ba8q9Vcz7mQxZxaecL6Nuktg=
github.com/wsnacj/agentx-go/tools v0.0.0-20260804113504-8477327bbe4e h1:0hh/ySfXm1ezuQevtLwj1Qv8eybXW0Ej/kbihd9Knrg=
github.com/wsnacj/agentx-go/tools v0.0.0-20260804113504-8477327bbe4e/go.mod h1:7qeFJ8c0aqQUlOvayEyz84PWU0vjTmNuO/97K4bm//0=
github.com/wsnacj/agentx-go/tools v0.0.0-20260804140828-54e119ec498d h1:ZobafBT6QJlGMhxdGAEPbELNqGXXcMhIzlaW0X/vAz8=
github.com/wsnacj/agentx-go/tools v0.0.0-20260804140828-54e119ec498d/go.mod h1:7qeFJ8c0aqQUlOvayEyz84PWU0vjTmNuO/97K4bm//0=
gopkg.in/check.v1 v0.0.0-20161208181325-20d25e280405/go.mod h1:Co6ibVJAznAaIkqp8huTwlJQCZ016jof/cbN4VW5Yz0=
gopkg.in/check.v1 v1.0.0-20190902080502-41f04d3bba15 h1:YR8cESwS4TdDjEe65xsg0ogRM/Nc3DYOhEAlW+xobZo=
gopkg.in/check.v1 v1.0.0-20190902080502-41f04d3bba15/go.mod h1:Co6ibVJAznAaIkqp8huTwlJQCZ016jof/cbN4VW5Yz0=
gopkg.in/yaml.v2 v2.2.2/go.mod h1:hI93XBmqTisBFMUTm0b8Fm+jr3Dg1NNxqwp+5A1VGuI=
gopkg.in/yaml.v2 v2.4.0/go.mod h1:RDklbk79AGWmwhnvt/jBztapEOGDOx6ZbXqjP6csGnQ=
gopkg.in/yaml.v3 v3.0.1 h1:fxVm/GzAzEWqLHuvctI91KS9hhNmmWOoWu0XTYJS7CA=
gopkg.in/yaml.v3 v3.0.1/go.mod h1:K4uyk7z7BCEPqu6E+C64Yfv1cQ7kz7rIZviUmN+EgEM=
