github.com/davecgh/go-spew v1.1.0/go.mod h1:J7Y8YcW2NihsgmVo/mv3lAwl/skON4iLHjSsI+c5H38=
github.com/davecgh/go-spew v1.1.1 h1:vj9j/u1bqnvCEfJOwUhtlOARqs3+rkHYY13jYWTU97c=
github.com/davecgh/go-spew v1.1.1/go.mod h1:J7Y8YcW2NihsgmVo/mv3lAwl/skON4iLHjSsI+c5H38=
github.com/kr/pretty v0.1.0 h1:L/CwN0zerZDmRFUapSPitk6f+Q3+0za1rQkzVuMiMFI=
github.com/kr/pretty v0.1.0/go.mod h1:dAy3ld7l9f0ibDNOQOHHMYYIIbhfbHSm3C4ZsoJORNo=
github.com/kr/pty v1.1.1/go.mod h1:pFQYn66WHrOpPYNljwOMqo10TkYh1fy3cYio2l3bCsQ=
github.com/kr/text v0.1.0 h1:45sCR5RtlFHMR4UwH9sdQ5TC8v0qDQCHnXt+kaKSTVE=
github.com/kr/text v0.1.0/go.mod h1:4Jbv+DJW3UT/LiOwJeYQe1efqtUx/iVham/4vfdArNI=
github.com/pmezard/go-difflib v1.0.0 h1:4DBwDE0NGyQoBHbLQYPwSUPoCMWR5BEzIk/f1lZbAQM=
github.com/pmezard/go-difflib v1.0.0/go.mod h1:iKH77koFhYxTK1pcRnkKkqfTogsbg7gZNVY4sRDYZ/4=
github.com/sergi/go-diff v1.4.0 h1:n/SP9D5ad1fORl+llWyN+D6qoUETXNZARKjyY2/KVCw=
github.com/sergi/go-diff v1.4.0/go.mod h1:A0bzQcvG0E7Rwjx0REVgAGH58e96+X0MeOfepqsbeW4=
github.com/stretchr/objx v0.1.0/go.mod h1:HFkY916IF+rwdDfMAkV7OtwuqBVzrE8GR6GFx+wExME=
github.com/stretchr/testify v1.4.0/go.mod h1:j7eGeouHqKxXV5pUuKE4zz7dFj8WfuZ+81PSLYec5m4=
github.com/stretchr/testify v1.10.0 h1:Xv5erBjTwe/5IxqUQTdXv5kgmIvbHo3QQyRwhJsOfJA=
github.com/stretchr/testify v1.10.0/go.mod h1:r2ic/lqez/lEtzL7wO/rwa5dbSLXVDPFyf8C91i36aY=
github.com/wsnacj/agentx-go v0.2.2 h1:m5TYRxzySLpFs6BQTKWmBkJlkBBdzbs7rcyfZ2XVrbs=
github.com/wsnacj/agentx-go v0.2.2/go.mod h1:9Uxr56ZcfTX4yX0OHPNYHpyIpO6VRKgcU1FLO7dToCs=
github.com/wsnacj/agentx-go/browser v0.2.2 h1:rWmOcRkkzaE1nSnpno10wpM65z9VLIFagJ+0uZIA+U8=
github.com/wsnacj/agentx-go/browser v0.2.2/go.mod h1:Ty6D9M3v7llI56lXfpe2fAk2QxQQ2TsPlBCXMtJJuuw=
github.com/wsnacj/agentx-go/components v0.2.2 h1:+s5zyIdRHk5+S+VsXBGpsexPcGrmJF/tLYxyCgyECXA=
github.com/wsnacj/agentx-go/components v0.2.2/go.mod h1:l+GytucLCrA4F+ZZZjlKm9kd7HeG84gsi3ldvLAV86I=
github.com/wsnacj/agentx-go/document v0.2.2 h1:ty30fy9FhK+u39hEbtaRAXaDwMfRr8sQM1qIlgei4no=
github.com/wsnacj/agentx-go/document v0.2.2/go.mod h1:J4GsvFpXPlU6oZLwCSoxhjSfw5gbzu8PakZcZGlaPIo=
github.com/wsnacj/agentx-go/extensions v0.2.2 h1:cg7rI7eJBh6NZts8S5088pa2RnPtuKV3segeAgD1uWk=
github.com/wsnacj/agentx-go/extensions v0.2.2/go.mod h1:DtTkEGeur03O6AZAMjV+ar6nOSB4szL1/2Nhr1qp594=
github.com/wsnacj/agentx-go/runtime v0.2.2 h1:3xJHcJjnk5EJuXVE4ANgmw6fNbCcrs8Hd+Q9pe7dQYQ=
github.com/wsnacj/agentx-go/runtime v0.2.2/go.mod h1:C/DZkipclxg5fT1ecI+e9w/OwN4pse+HWTOzQ1rjbEQ=
github.com/wsnacj/agentx-go/scenes v0.2.2 h1:F8HoQvS2/2nXkVNgSpctRzHKTmF0p0ptU0ltZYR3k/I=
github.com/wsnacj/agentx-go/scenes v0.2.2/go.mod h1:mFcx0TdmaSCnKOvNvbqwKF0iHSyDH4Usoj0WBQGvo78=
github.com/wsnacj/agentx-go/tools v0.2.2 h1:PQVp17i/aFqXdu3TpHnhw9MOlSMyJaWrOkkYGGoZQ6A=
github.com/wsnacj/agentx-go/tools v0.2.2/go.mod h1:jnq+iIuPRneqG56nA1U9khjze1Odtjr5ig0DHPuERh4=
gopkg.in/check.v1 v0.0.0-20161208181325-20d25e280405/go.mod h1:Co6ibVJAznAaIkqp8huTwlJQCZ016jof/cbN4VW5Yz0=
gopkg.in/check.v1 v1.0.0-20190902080502-41f04d3bba15 h1:YR8cESwS4TdDjEe65xsg0ogRM/Nc3DYOhEAlW+xobZo=
gopkg.in/check.v1 v1.0.0-20190902080502-41f04d3bba15/go.mod h1:Co6ibVJAznAaIkqp8huTwlJQCZ016jof/cbN4VW5Yz0=
gopkg.in/yaml.v2 v2.2.2/go.mod h1:hI93XBmqTisBFMUTm0b8Fm+jr3Dg1NNxqwp+5A1VGuI=
gopkg.in/yaml.v2 v2.4.0/go.mod h1:RDklbk79AGWmwhnvt/jBztapEOGDOx6ZbXqjP6csGnQ=
gopkg.in/yaml.v3 v3.0.1 h1:fxVm/GzAzEWqLHuvctI91KS9hhNmmWOoWu0XTYJS7CA=
gopkg.in/yaml.v3 v3.0.1/go.mod h1:K4uyk7z7BCEPqu6E+C64Yfv1cQ7kz7rIZviUmN+EgEM=
