github.com/wsnacj/agentx-go/extensions v0.1.0 h1:G1IqNisdGpTFTklZnlgyce+OZ+Dx75eCANj1WiuZDeA=
github.com/wsnacj/agentx-go/extensions v0.1.0/go.mod h1:14CiJQtfWFC0OgcFlstwfReQdqaW9gGioFCcGYgzGWo=
github.com/wsnacj/agentx-go/runtime v0.1.0 h1:tzpa/cbotEfW1J2VVTQFv/G5OKW2iYXxkUETiTI8paI=
github.com/wsnacj/agentx-go/runtime v0.1.0/go.mod h1:jBTpusRBU66KEUK4txN4KBm+z1bQxt7Z/hVZtA0uvp0=
