github.com/wsnacj/agentx-go/extensions v0.0.0-20260801062503-f75106522d5f h1:FA/zzRx4+Z6BQOqMI8VTkK4ZMpJRxd69uwXXGdvhkxc=
github.com/wsnacj/agentx-go/extensions v0.0.0-20260801062503-f75106522d5f/go.mod h1:I18wtIxM7noRuxF2ITPkWpx1ZgMzp57neSN+XEM84lE=
github.com/wsnacj/agentx-go/runtime v0.0.0-20260801061901-08fdf1038850 h1:WeKpTcJmPzCs/lDk8+4WShWrKshlWtOoM/9lIb7YtJQ=
github.com/wsnacj/agentx-go/runtime v0.0.0-20260801061901-08fdf1038850/go.mod h1:OgsFIwN+Yf+xl8YhkaIeiB26dKDtjX6szM21xaAE4gs=
