github.com/fsnotify/fsnotify v1.9.0 h1:2Ml+OJNzbYCTzsxtv8vKSFD9PbJjmhYF14k/jKC7S9k=
github.com/fsnotify/fsnotify v1.9.0/go.mod h1:8jBTzvmWwFyi3Pb8djgCCO5IBqzKJ/Jwo8TRcHyHii0=
github.com/wsnacj/agentx-go/components v0.0.0-20260729125257-bb6949793309 h1:+JIOmF4Sqsj/PLfsxVlWj7TEKivmd6PVMkrBmVYH6pM=
github.com/wsnacj/agentx-go/components v0.0.0-20260729125257-bb6949793309/go.mod h1:dZpFtQUci6okqwTXJCq3XTSXmP96x21NsFrStSstLGk=
github.com/wsnacj/agentx-go/extensions v0.0.0-20260801144943-16d9426fd82a h1:F+ZbEdLmx/Qxwtm3emfdoJQT2EyyfgTyTSYi3Br0C/g=
github.com/wsnacj/agentx-go/extensions v0.0.0-20260801144943-16d9426fd82a/go.mod h1:OqCoGJBt743S3MTMyuRdapGqMky65CxAst5CCFd8LWU=
github.com/wsnacj/agentx-go/runtime v0.0.0-20260801112448-651dab4f0a53 h1:u8fvcmQfxOkVPj0Tum5SEeZ3iyTebxKlPyF2wCDCp/I=
github.com/wsnacj/agentx-go/runtime v0.0.0-20260801112448-651dab4f0a53/go.mod h1:OgsFIwN+Yf+xl8YhkaIeiB26dKDtjX6szM21xaAE4gs=
golang.org/x/sys v0.13.0 h1:Af8nKPmuFypiUBjVoU9V20FiaFXOcuZI21p0ycVYYGE=
golang.org/x/sys v0.13.0/go.mod h1:oPkhp1MJrh7nUepCBck5+mAzfO9JrbApNNgaTdGDITg=
gopkg.in/check.v1 v0.0.0-20161208181325-20d25e280405 h1:yhCVgyC4o1eVCa2tZl7eS0r+SDo693bJlVdllGtEeKM=
gopkg.in/check.v1 v0.0.0-20161208181325-20d25e280405/go.mod h1:Co6ibVJAznAaIkqp8huTwlJQCZ016jof/cbN4VW5Yz0=
gopkg.in/yaml.v3 v3.0.1 h1:fxVm/GzAzEWqLHuvctI91KS9hhNmmWOoWu0XTYJS7CA=
gopkg.in/yaml.v3 v3.0.1/go.mod h1:K4uyk7z7BCEPqu6E+C64Yfv1cQ7kz7rIZviUmN+EgEM=
