github.com/wsnacj/agentx-go/components v0.1.0 h1:ZwQfDAKpWVElBq7iTb/wAhfUWNAG/pCnVb1HBtCDfrI=
github.com/wsnacj/agentx-go/components v0.1.0/go.mod h1:vzDNyIfw/9k4wzNf4IKLEbk9F4qhjg7fkK57Id3Y0oc=
github.com/wsnacj/agentx-go/providers v0.1.0 h1:wYnzVQKE26ypEYj9MG6KeuEv7wZieKi63kKdobXEFVU=
github.com/wsnacj/agentx-go/providers v0.1.0/go.mod h1:xpE4BKboNZFFaiKAhuv9wzOZfErit3EDcAQ2c5KV1Og=
