github.com/wsnacj/agentx-go/browser v0.0.0-20260802181435-e8fd32c2cfc8 h1:h06DRh3YRn578XtoZAgB4yIiIQBJxWPWUvL7J9tdt0A=
github.com/wsnacj/agentx-go/browser v0.0.0-20260802181435-e8fd32c2cfc8/go.mod h1:KCP/fWlzT1o25QZeBFIoSxW0yGHVQp/vtRAaKZ9Ysp4=
github.com/wsnacj/agentx-go/components v0.0.0-20260802130858-34ec103e09d9 h1:+ytHsi5kB/ynSOPU7VilmZwtJ8XpWY15GmtCTRQakiQ=
github.com/wsnacj/agentx-go/components v0.0.0-20260802130858-34ec103e09d9/go.mod h1:dZpFtQUci6okqwTXJCq3XTSXmP96x21NsFrStSstLGk=
github.com/wsnacj/agentx-go/runtime v0.0.0-20260802113655-f41de95ec5be h1:1Rx+A81KKZ1W6G2TdT7m4JMxS0EFQlHJ/UdleuSMKgc=
github.com/wsnacj/agentx-go/runtime v0.0.0-20260802113655-f41de95ec5be/go.mod h1:OgsFIwN+Yf+xl8YhkaIeiB26dKDtjX6szM21xaAE4gs=
github.com/wsnacj/agentx-go/tools v0.0.0-20260802165151-c51d7391dbb4 h1:ls6XN2o1SlObdHVSxoiyeP4Wa90qejKnCzCVspRaguY=
github.com/wsnacj/agentx-go/tools v0.0.0-20260802165151-c51d7391dbb4/go.mod h1:ooyvdjqxyKCYprt5zijiEAzSCgagxzgUZXDYVUAfZis=
