github.com/wsnacj/agentx-go v0.0.0-20260804113504-8477327bbe4e h1:QYpqI5azm/TUXGoaJ6bl3Y33yPUmgn2Yc6/fy84BD+Y=
github.com/wsnacj/agentx-go v0.0.0-20260804113504-8477327bbe4e/go.mod h1:1lO78EX3Jj63/41OlIQdsi8baHcm9JbvwUvozZeOvWU=
github.com/wsnacj/agentx-go v0.0.0-20260804140828-54e119ec498d h1:braeZvAgE77aMdUT+SH2MH5gKgfWOQKCAAbAjx6QEd4=
github.com/wsnacj/agentx-go v0.0.0-20260804140828-54e119ec498d/go.mod h1:1lO78EX3Jj63/41OlIQdsi8baHcm9JbvwUvozZeOvWU=
github.com/wsnacj/agentx-go/components v0.0.0-20260804113504-8477327bbe4e h1:gsvjGp8UvdD68z1mQhZHWfAGKBGENXB8If1hW/ib+Xo=
github.com/wsnacj/agentx-go/components v0.0.0-20260804113504-8477327bbe4e/go.mod h1:dZpFtQUci6okqwTXJCq3XTSXmP96x21NsFrStSstLGk=
github.com/wsnacj/agentx-go/components v0.0.0-20260804140828-54e119ec498d h1:wZtw1RtAJlCIRFaixA49yTZXpHNq73zvqNjgVRXqx+w=
github.com/wsnacj/agentx-go/components v0.0.0-20260804140828-54e119ec498d/go.mod h1:dZpFtQUci6okqwTXJCq3XTSXmP96x21NsFrStSstLGk=
github.com/wsnacj/agentx-go/extensions v0.0.0-20260804113504-8477327bbe4e h1:/m1iwRseALNK7SRLNolAF4hYgWZB8hX3iPYDMrhtX5Y=
github.com/wsnacj/agentx-go/extensions v0.0.0-20260804113504-8477327bbe4e/go.mod h1:OqCoGJBt743S3MTMyuRdapGqMky65CxAst5CCFd8LWU=
github.com/wsnacj/agentx-go/extensions v0.0.0-20260804140828-54e119ec498d h1:s+mSLGrQK1EEZdVmkdLtg7b03Jp2sTMpasZ3OXAHj6Q=
github.com/wsnacj/agentx-go/extensions v0.0.0-20260804140828-54e119ec498d/go.mod h1:OqCoGJBt743S3MTMyuRdapGqMky65CxAst5CCFd8LWU=
github.com/wsnacj/agentx-go/runtime v0.0.0-20260804113504-8477327bbe4e h1:VoZM5kUR4hEy/n7v4W8BVU4F4B89UaudueWxMOQOzdQ=
github.com/wsnacj/agentx-go/runtime v0.0.0-20260804113504-8477327bbe4e/go.mod h1:OgsFIwN+Yf+xl8YhkaIeiB26dKDtjX6szM21xaAE4gs=
github.com/wsnacj/agentx-go/runtime v0.0.0-20260804140828-54e119ec498d h1:hMfaUCxfgUNNRVLw42DeikoZxf3qYRiun9GSGyALaEQ=
github.com/wsnacj/agentx-go/runtime v0.0.0-20260804140828-54e119ec498d/go.mod h1:OgsFIwN+Yf+xl8YhkaIeiB26dKDtjX6szM21xaAE4gs=
github.com/wsnacj/agentx-go/scenes v0.0.0-20260804113504-8477327bbe4e h1:yKyXzAVRCcwH55DZjnfiWuXoAgdrb4wuerWInKEPYzM=
github.com/wsnacj/agentx-go/scenes v0.0.0-20260804113504-8477327bbe4e/go.mod h1:me3Ze3SYrmdvptAict5Ba8q9Vcz7mQxZxaecL6Nuktg=
github.com/wsnacj/agentx-go/scenes v0.0.0-20260804140828-54e119ec498d h1:XJAsIAnRdnmv+ZEc/GaU1gqJZpGtmqyALOTv0/lM2kA=
github.com/wsnacj/agentx-go/scenes v0.0.0-20260804140828-54e119ec498d/go.mod h1:me3Ze3SYrmdvptAict5Ba8q9Vcz7mQxZxaecL6Nuktg=
